
Microsoft Visual Studio Solution File, Format Version 12.00
# Visual Studio Version 16
VisualStudioVersion = 16.0.31019.35
MinimumVisualStudioVersion = 10.0.40219.1
Project("{FAE04EC0-301F-11D3-BF4B-00C04F79EFBC}") = "OvenConfigurator", "OvenConfigurator\OvenConfigurator.csproj", "{3138BCB0-4FEC-4A71-9B22-F5732B5185EC}"
EndProject
Global
	GlobalSection(SolutionConfigurationPlatforms) = preSolution
		Debug|Any CPU = Debug|Any CPU
		Release|Any CPU = Release|Any CPU
	EndGlobalSection
	GlobalSection(ProjectConfigurationPlatforms) = postSolution
		{3138BCB0-4FEC-4A71-9B22-F5732B5185EC}.Debug|Any CPU.ActiveCfg = Debug|Any CPU
		{3138BCB0-4FEC-4A71-9B22-F5732B5185EC}.Debug|Any CPU.Build.0 = Debug|Any CPU
		{3138BCB0-4FEC-4A71-9B22-F5732B5185EC}.Release|Any CPU.ActiveCfg = Release|Any CPU
		{3138BCB0-4FEC-4A71-9B22-F5732B5185EC}.Release|Any CPU.Build.0 = Release|Any CPU
	EndGlobalSection
	GlobalSection(SolutionProperties) = preSolution
		HideSolutionNode = FALSE
	EndGlobalSection
	GlobalSection(ExtensibilityGlobals) = postSolution
		SolutionGuid = {80C71894-A511-430A-AEF2-0FBD8858ED39}
	EndGlobalSection
EndGlobal
